
Microsoft Visual Studio Solution File, Format Version 12.00
# Visual Studio Version 17
VisualStudioVersion = 17.7.34202.233
MinimumVisualStudioVersion = 10.0.40219.1
Project("{FAE04EC0-301F-11D3-BF4B-00C04F79EFBC}") = "LabScript", "LabScript\LabScript.csproj", "{DC7AABE5-092F-4DC7-88F7-A889BEBEB638}"
EndProject
Global
	GlobalSection(SolutionConfigurationPlatforms) = preSolution
		Debug|Any CPU = Debug|Any CPU
		Release|Any CPU = Release|Any CPU
	EndGlobalSection
	GlobalSection(ProjectConfigurationPlatforms) = postSolution
		{DC7AABE5-092F-4DC7-88F7-A889BEBEB638}.Debug|Any CPU.ActiveCfg = Debug|Any CPU
		{DC7AABE5-092F-4DC7-88F7-A889BEBEB638}.Debug|Any CPU.Build.0 = Debug|Any CPU
		{DC7AABE5-092F-4DC7-88F7-A889BEBEB638}.Release|Any CPU.ActiveCfg = Release|Any CPU
		{DC7AABE5-092F-4DC7-88F7-A889BEBEB638}.Release|Any CPU.Build.0 = Release|Any CPU
	EndGlobalSection
	GlobalSection(SolutionProperties) = preSolution
		HideSolutionNode = FALSE
	EndGlobalSection
	GlobalSection(ExtensibilityGlobals) = postSolution
		SolutionGuid = {A174DF35-410E-47C3-BED8-15D76DE7C919}
	EndGlobalSection
EndGlobal
