
Microsoft Visual Studio Solution File, Format Version 12.00
# Visual Studio Version 17
VisualStudioVersion = 17.7.34202.233
MinimumVisualStudioVersion = 10.0.40219.1
Project("{FAE04EC0-301F-11D3-BF4B-00C04F79EFBC}") = "WPFApp", "WPFApp\WPFApp.csproj", "{DAAF2856-C34D-479A-9F4F-3C367502FE95}"
EndProject
Global
	GlobalSection(SolutionConfigurationPlatforms) = preSolution
		Debug|Any CPU = Debug|Any CPU
		Release|Any CPU = Release|Any CPU
	EndGlobalSection
	GlobalSection(ProjectConfigurationPlatforms) = postSolution
		{DAAF2856-C34D-479A-9F4F-3C367502FE95}.Debug|Any CPU.ActiveCfg = Debug|Any CPU
		{DAAF2856-C34D-479A-9F4F-3C367502FE95}.Debug|Any CPU.Build.0 = Debug|Any CPU
		{DAAF2856-C34D-479A-9F4F-3C367502FE95}.Release|Any CPU.ActiveCfg = Release|Any CPU
		{DAAF2856-C34D-479A-9F4F-3C367502FE95}.Release|Any CPU.Build.0 = Release|Any CPU
	EndGlobalSection
	GlobalSection(SolutionProperties) = preSolution
		HideSolutionNode = FALSE
	EndGlobalSection
	GlobalSection(ExtensibilityGlobals) = postSolution
		SolutionGuid = {152FC09B-9104-4372-BA8B-C873FB28956E}
	EndGlobalSection
EndGlobal
